
Microsoft Visual Studio Solution File, Format Version 12.00
# Visual Studio Version 17
VisualStudioVersion = 17.11.35327.3
MinimumVisualStudioVersion = 10.0.40219.1
Project("{8BC9CEB8-8B4A-11D0-8D11-00A0C91BC942}") = "OperationBlockade", "OperationBlockade.vcxproj", "{286C4472-D6AE-432A-A4DF-643FC6D24909}"
EndProject
Global
	GlobalSection(SolutionConfigurationPlatforms) = preSolution
		Debug|x64 = Debug|x64
		Debug|x86 = Debug|x86
		Release|x64 = Release|x64
		Release|x86 = Release|x86
	EndGlobalSection
	GlobalSection(ProjectConfigurationPlatforms) = postSolution
		{286C4472-D6AE-432A-A4DF-643FC6D24909}.Debug|x64.ActiveCfg = Debug|x64
		{286C4472-D6AE-432A-A4DF-643FC6D24909}.Debug|x64.Build.0 = Debug|x64
		{286C4472-D6AE-432A-A4DF-643FC6D24909}.Debug|x86.ActiveCfg = Debug|Win32
		{286C4472-D6AE-432A-A4DF-643FC6D24909}.Debug|x86.Build.0 = Debug|Win32
		{286C4472-D6AE-432A-A4DF-643FC6D24909}.Release|x64.ActiveCfg = Release|x64
		{286C4472-D6AE-432A-A4DF-643FC6D24909}.Release|x64.Build.0 = Release|x64
		{286C4472-D6AE-432A-A4DF-643FC6D24909}.Release|x86.ActiveCfg = Release|Win32
		{286C4472-D6AE-432A-A4DF-643FC6D24909}.Release|x86.Build.0 = Release|Win32
	EndGlobalSection
	GlobalSection(SolutionProperties) = preSolution
		HideSolutionNode = FALSE
	EndGlobalSection
	GlobalSection(ExtensibilityGlobals) = postSolution
		SolutionGuid = {089BF17D-8602-466D-B32F-66E7963CFE8F}
	EndGlobalSection
EndGlobal
